// !$*UTF8*$!
{
	archiveVersion = 1;
	classes = {
	};
	objectVersion = 56;
	objects = {

/* Begin PBXBuildFile section */
		075717032B98547800C606F4 /* Assets.xcassets in Resources */ = {isa = PBXBuildFile; fileRef = 075717022B98547800C606F4 /* Assets.xcassets */; };
		075717062B98547800C606F4 /* Preview Assets.xcassets in Resources */ = {isa = PBXBuildFile; fileRef = 075717052B98547800C606F4 /* Preview Assets.xcassets */; };
		0757170D2B98569000C606F4 /* GoogleService-Info.plist in Resources */ = {isa = PBXBuildFile; fileRef = 0757170C2B98569000C606F4 /* GoogleService-Info.plist */; };
		0757171C2B9856F800C606F4 /* FirebaseAuth in Frameworks */ = {isa = PBXBuildFile; productRef = 0757171B2B9856F800C606F4 /* FirebaseAuth */; };
		075717242B985CC900C606F4 /* ElitDrawTheWordApp.swift in Sources */ = {isa = PBXBuildFile; fileRef = 075717232B985CC900C606F4 /* ElitDrawTheWordApp.swift */; };
		075717262B985CD400C606F4 /* AppDelegateAdaptor.swift in Sources */ = {isa = PBXBuildFile; fileRef = 075717252B985CD400C606F4 /* AppDelegateAdaptor.swift */; };
		075717362B985F4A00C606F4 /* CoverView.swift in Sources */ = {isa = PBXBuildFile; fileRef = 0757172D2B985F4A00C606F4 /* CoverView.swift */; };
		075717372B985F4A00C606F4 /* PrivacyPolicy.swift in Sources */ = {isa = PBXBuildFile; fileRef = 0757172E2B985F4A00C606F4 /* PrivacyPolicy.swift */; };
		075717382B985F4A00C606F4 /* InfoAppleIDView.swift in Sources */ = {isa = PBXBuildFile; fileRef = 0757172F2B985F4A00C606F4 /* InfoAppleIDView.swift */; };
		075717392B985F4A00C606F4 /* LeaveMessageView.swift in Sources */ = {isa = PBXBuildFile; fileRef = 075717302B985F4A00C606F4 /* LeaveMessageView.swift */; };
		0757173A2B985F4A00C606F4 /* ReAuthenticateView.swift in Sources */ = {isa = PBXBuildFile; fileRef = 075717312B985F4A00C606F4 /* ReAuthenticateView.swift */; };
		0757173B2B985F4A00C606F4 /* LoginView.swift in Sources */ = {isa = PBXBuildFile; fileRef = 075717322B985F4A00C606F4 /* LoginView.swift */; };
		0757173C2B985F4A00C606F4 /* Logotype.swift in Sources */ = {isa = PBXBuildFile; fileRef = 075717332B985F4A00C606F4 /* Logotype.swift */; };
		0757173D2B985F4A00C606F4 /* ProfileView.swift in Sources */ = {isa = PBXBuildFile; fileRef = 075717342B985F4A00C606F4 /* ProfileView.swift */; };
		075717472B985F7D00C606F4 /* AuthState.swift in Sources */ = {isa = PBXBuildFile; fileRef = 0757173F2B985F7D00C606F4 /* AuthState.swift */; };
		075717482B985F7D00C606F4 /* AlertItem.swift in Sources */ = {isa = PBXBuildFile; fileRef = 075717402B985F7D00C606F4 /* AlertItem.swift */; };
		075717492B985F7D00C606F4 /* AuthListener.swift in Sources */ = {isa = PBXBuildFile; fileRef = 075717412B985F7D00C606F4 /* AuthListener.swift */; };
		0757174A2B985F7D00C606F4 /* FirebaseSignInWithAppleError.swift in Sources */ = {isa = PBXBuildFile; fileRef = 075717422B985F7D00C606F4 /* FirebaseSignInWithAppleError.swift */; };
		0757174B2B985F7D00C606F4 /* FirebaseSignInWithAppleUtils.swift in Sources */ = {isa = PBXBuildFile; fileRef = 075717432B985F7D00C606F4 /* FirebaseSignInWithAppleUtils.swift */; };
		0757174C2B985F7D00C606F4 /* FirebaseSignInWithAppleToken.swift in Sources */ = {isa = PBXBuildFile; fileRef = 075717442B985F7D00C606F4 /* FirebaseSignInWithAppleToken.swift */; };
		0757174D2B985F7D00C606F4 /* FirebaseSignInWithAppleResult.swift in Sources */ = {isa = PBXBuildFile; fileRef = 075717452B985F7D00C606F4 /* FirebaseSignInWithAppleResult.swift */; };
		0757174E2B985F7D00C606F4 /* FirebaseSignInWithAppleService.swift in Sources */ = {isa = PBXBuildFile; fileRef = 075717462B985F7D00C606F4 /* FirebaseSignInWithAppleService.swift */; };
		075717512B985FB400C606F4 /* AuthViewModel.swift in Sources */ = {isa = PBXBuildFile; fileRef = 075717502B985FB400C606F4 /* AuthViewModel.swift */; };
		075717542B98600300C606F4 /* HomeView.swift in Sources */ = {isa = PBXBuildFile; fileRef = 075717532B98600300C606F4 /* HomeView.swift */; };
/* End PBXBuildFile section */

/* Begin PBXFileReference section */
		075716FB2B98547500C606F4 /* AuthSample.app */ = {isa = PBXFileReference; explicitFileType = wrapper.application; includeInIndex = 0; path = AuthSample.app; sourceTree = BUILT_PRODUCTS_DIR; };
		075717022B98547800C606F4 /* Assets.xcassets */ = {isa = PBXFileReference; lastKnownFileType = folder.assetcatalog; path = Assets.xcassets; sourceTree = "<group>"; };
		075717052B98547800C606F4 /* Preview Assets.xcassets */ = {isa = PBXFileReference; lastKnownFileType = folder.assetcatalog; path = "Preview Assets.xcassets"; sourceTree = "<group>"; };
		0757170C2B98569000C606F4 /* GoogleService-Info.plist */ = {isa = PBXFileReference; fileEncoding = 4; lastKnownFileType = text.plist.xml; path = "GoogleService-Info.plist"; sourceTree = "<group>"; };
		075717232B985CC900C606F4 /* ElitDrawTheWordApp.swift */ = {isa = PBXFileReference; fileEncoding = 4; lastKnownFileType = sourcecode.swift; path = ElitDrawTheWordApp.swift; sourceTree = "<group>"; };
		075717252B985CD400C606F4 /* AppDelegateAdaptor.swift */ = {isa = PBXFileReference; fileEncoding = 4; lastKnownFileType = sourcecode.swift; path = AppDelegateAdaptor.swift; sourceTree = "<group>"; };
		075717282B985E8200C606F4 /* AuthSample.entitlements */ = {isa = PBXFileReference; lastKnownFileType = text.plist.entitlements; path = AuthSample.entitlements; sourceTree = "<group>"; };
		0757172D2B985F4A00C606F4 /* CoverView.swift */ = {isa = PBXFileReference; fileEncoding = 4; lastKnownFileType = sourcecode.swift; path = CoverView.swift; sourceTree = "<group>"; };
		0757172E2B985F4A00C606F4 /* PrivacyPolicy.swift */ = {isa = PBXFileReference; fileEncoding = 4; lastKnownFileType = sourcecode.swift; path = PrivacyPolicy.swift; sourceTree = "<group>"; };
		0757172F2B985F4A00C606F4 /* InfoAppleIDView.swift */ = {isa = PBXFileReference; fileEncoding = 4; lastKnownFileType = sourcecode.swift; path = InfoAppleIDView.swift; sourceTree = "<group>"; };
		075717302B985F4A00C606F4 /* LeaveMessageView.swift */ = {isa = PBXFileReference; fileEncoding = 4; lastKnownFileType = sourcecode.swift; path = LeaveMessageView.swift; sourceTree = "<group>"; };
		075717312B985F4A00C606F4 /* ReAuthenticateView.swift */ = {isa = PBXFileReference; fileEncoding = 4; lastKnownFileType = sourcecode.swift; path = ReAuthenticateView.swift; sourceTree = "<group>"; };
		075717322B985F4A00C606F4 /* LoginView.swift */ = {isa = PBXFileReference; fileEncoding = 4; lastKnownFileType = sourcecode.swift; path = LoginView.swift; sourceTree = "<group>"; };
		075717332B985F4A00C606F4 /* Logotype.swift */ = {isa = PBXFileReference; fileEncoding = 4; lastKnownFileType = sourcecode.swift; path = Logotype.swift; sourceTree = "<group>"; };
		075717342B985F4A00C606F4 /* ProfileView.swift */ = {isa = PBXFileReference; fileEncoding = 4; lastKnownFileType = sourcecode.swift; path = ProfileView.swift; sourceTree = "<group>"; };
		0757173F2B985F7D00C606F4 /* AuthState.swift */ = {isa = PBXFileReference; fileEncoding = 4; lastKnownFileType = sourcecode.swift; path = AuthState.swift; sourceTree = "<group>"; };
		075717402B985F7D00C606F4 /* AlertItem.swift */ = {isa = PBXFileReference; fileEncoding = 4; lastKnownFileType = sourcecode.swift; path = AlertItem.swift; sourceTree = "<group>"; };
		075717412B985F7D00C606F4 /* AuthListener.swift */ = {isa = PBXFileReference; fileEncoding = 4; lastKnownFileType = sourcecode.swift; path = AuthListener.swift; sourceTree = "<group>"; };
		075717422B985F7D00C606F4 /* FirebaseSignInWithAppleError.swift */ = {isa = PBXFileReference; fileEncoding = 4; lastKnownFileType = sourcecode.swift; path = FirebaseSignInWithAppleError.swift; sourceTree = "<group>"; };
		075717432B985F7D00C606F4 /* FirebaseSignInWithAppleUtils.swift */ = {isa = PBXFileReference; fileEncoding = 4; lastKnownFileType = sourcecode.swift; path = FirebaseSignInWithAppleUtils.swift; sourceTree = "<group>"; };
		075717442B985F7D00C606F4 /* FirebaseSignInWithAppleToken.swift */ = {isa = PBXFileReference; fileEncoding = 4; lastKnownFileType = sourcecode.swift; path = FirebaseSignInWithAppleToken.swift; sourceTree = "<group>"; };
		075717452B985F7D00C606F4 /* FirebaseSignInWithAppleResult.swift */ = {isa = PBXFileReference; fileEncoding = 4; lastKnownFileType = sourcecode.swift; path = FirebaseSignInWithAppleResult.swift; sourceTree = "<group>"; };
		075717462B985F7D00C606F4 /* FirebaseSignInWithAppleService.swift */ = {isa = PBXFileReference; fileEncoding = 4; lastKnownFileType = sourcecode.swift; path = FirebaseSignInWithAppleService.swift; sourceTree = "<group>"; };
		075717502B985FB400C606F4 /* AuthViewModel.swift */ = {isa = PBXFileReference; fileEncoding = 4; lastKnownFileType = sourcecode.swift; path = AuthViewModel.swift; sourceTree = "<group>"; };
		075717532B98600300C606F4 /* HomeView.swift */ = {isa = PBXFileReference; fileEncoding = 4; lastKnownFileType = sourcecode.swift; path = HomeView.swift; sourceTree = "<group>"; };
/* End PBXFileReference section */

/* Begin PBXFrameworksBuildPhase section */
		075716F82B98547500C606F4 /* Frameworks */ = {
			isa = PBXFrameworksBuildPhase;
			buildActionMask = 2147483647;
			files = (
				0757171C2B9856F800C606F4 /* FirebaseAuth in Frameworks */,
			);
			runOnlyForDeploymentPostprocessing = 0;
		};
/* End PBXFrameworksBuildPhase section */

/* Begin PBXGroup section */
		075716F22B98547500C606F4 = {
			isa = PBXGroup;
			children = (
				075716FD2B98547500C606F4 /* AuthSample */,
				075716FC2B98547500C606F4 /* Products */,
			);
			sourceTree = "<group>";
		};
		075716FC2B98547500C606F4 /* Products */ = {
			isa = PBXGroup;
			children = (
				075716FB2B98547500C606F4 /* AuthSample.app */,
			);
			name = Products;
			sourceTree = "<group>";
		};
		075716FD2B98547500C606F4 /* AuthSample */ = {
			isa = PBXGroup;
			children = (
				075717272B985D0600C606F4 /* App */,
				075717522B985FEF00C606F4 /* View */,
				0757174F2B985F9900C606F4 /* View Model */,
				0757173E2B985F6500C606F4 /* Auth Model */,
				0757172B2B985F2400C606F4 /* Auth View */,
				075717282B985E8200C606F4 /* AuthSample.entitlements */,
				075717022B98547800C606F4 /* Assets.xcassets */,
				0757170C2B98569000C606F4 /* GoogleService-Info.plist */,
				075717042B98547800C606F4 /* Preview Content */,
			);
			path = AuthSample;
			sourceTree = "<group>";
		};
		075717042B98547800C606F4 /* Preview Content */ = {
			isa = PBXGroup;
			children = (
				075717052B98547800C606F4 /* Preview Assets.xcassets */,
			);
			path = "Preview Content";
			sourceTree = "<group>";
		};
		075717272B985D0600C606F4 /* App */ = {
			isa = PBXGroup;
			children = (
				075717232B985CC900C606F4 /* ElitDrawTheWordApp.swift */,
				075717252B985CD400C606F4 /* AppDelegateAdaptor.swift */,
			);
			path = App;
			sourceTree = "<group>";
		};
		0757172B2B985F2400C606F4 /* Auth View */ = {
			isa = PBXGroup;
			children = (
				0757172D2B985F4A00C606F4 /* CoverView.swift */,
				0757172F2B985F4A00C606F4 /* InfoAppleIDView.swift */,
				075717302B985F4A00C606F4 /* LeaveMessageView.swift */,
				075717322B985F4A00C606F4 /* LoginView.swift */,
				075717332B985F4A00C606F4 /* Logotype.swift */,
				0757172E2B985F4A00C606F4 /* PrivacyPolicy.swift */,
				075717342B985F4A00C606F4 /* ProfileView.swift */,
				075717312B985F4A00C606F4 /* ReAuthenticateView.swift */,
			);
			path = "Auth View";
			sourceTree = "<group>";
		};
		0757173E2B985F6500C606F4 /* Auth Model */ = {
			isa = PBXGroup;
			children = (
				075717402B985F7D00C606F4 /* AlertItem.swift */,
				075717412B985F7D00C606F4 /* AuthListener.swift */,
				0757173F2B985F7D00C606F4 /* AuthState.swift */,
				075717422B985F7D00C606F4 /* FirebaseSignInWithAppleError.swift */,
				075717452B985F7D00C606F4 /* FirebaseSignInWithAppleResult.swift */,
				075717462B985F7D00C606F4 /* FirebaseSignInWithAppleService.swift */,
				075717442B985F7D00C606F4 /* FirebaseSignInWithAppleToken.swift */,
				075717432B985F7D00C606F4 /* FirebaseSignInWithAppleUtils.swift */,
			);
			path = "Auth Model";
			sourceTree = "<group>";
		};
		0757174F2B985F9900C606F4 /* View Model */ = {
			isa = PBXGroup;
			children = (
				075717502B985FB400C606F4 /* AuthViewModel.swift */,
			);
			path = "View Model";
			sourceTree = "<group>";
		};
		075717522B985FEF00C606F4 /* View */ = {
			isa = PBXGroup;
			children = (
				075717532B98600300C606F4 /* HomeView.swift */,
			);
			path = View;
			sourceTree = "<group>";
		};
/* End PBXGroup section */

/* Begin PBXNativeTarget section */
		075716FA2B98547500C606F4 /* AuthSample */ = {
			isa = PBXNativeTarget;
			buildConfigurationList = 075717092B98547800C606F4 /* Build configuration list for PBXNativeTarget "AuthSample" */;
			buildPhases = (
				075716F72B98547500C606F4 /* Sources */,
				075716F82B98547500C606F4 /* Frameworks */,
				075716F92B98547500C606F4 /* Resources */,
			);
			buildRules = (
			);
			dependencies = (
			);
			name = AuthSample;
			packageProductDependencies = (
				0757171B2B9856F800C606F4 /* FirebaseAuth */,
			);
			productName = AuthSample;
			productReference = 075716FB2B98547500C606F4 /* AuthSample.app */;
			productType = "com.apple.product-type.application";
		};
/* End PBXNativeTarget section */

/* Begin PBXProject section */
		075716F32B98547500C606F4 /* Project object */ = {
			isa = PBXProject;
			attributes = {
				BuildIndependentTargetsInParallel = 1;
				LastSwiftUpdateCheck = 1520;
				LastUpgradeCheck = 1520;
				TargetAttributes = {
					075716FA2B98547500C606F4 = {
						CreatedOnToolsVersion = 15.2;
					};
				};
			};
			buildConfigurationList = 075716F62B98547500C606F4 /* Build configuration list for PBXProject "AuthSample" */;
			compatibilityVersion = "Xcode 14.0";
			developmentRegion = en;
			hasScannedForEncodings = 0;
			knownRegions = (
				en,
				Base,
			);
			mainGroup = 075716F22B98547500C606F4;
			packageReferences = (
				0757170E2B9856F800C606F4 /* XCRemoteSwiftPackageReference "firebase-ios-sdk" */,
			);
			productRefGroup = 075716FC2B98547500C606F4 /* Products */;
			projectDirPath = "";
			projectRoot = "";
			targets = (
				075716FA2B98547500C606F4 /* AuthSample */,
			);
		};
/* End PBXProject section */

/* Begin PBXResourcesBuildPhase section */
		075716F92B98547500C606F4 /* Resources */ = {
			isa = PBXResourcesBuildPhase;
			buildActionMask = 2147483647;
			files = (
				075717062B98547800C606F4 /* Preview Assets.xcassets in Resources */,
				075717032B98547800C606F4 /* Assets.xcassets in Resources */,
				0757170D2B98569000C606F4 /* GoogleService-Info.plist in Resources */,
			);
			runOnlyForDeploymentPostprocessing = 0;
		};
/* End PBXResourcesBuildPhase section */

/* Begin PBXSourcesBuildPhase section */
		075716F72B98547500C606F4 /* Sources */ = {
			isa = PBXSourcesBuildPhase;
			buildActionMask = 2147483647;
			files = (
				0757174C2B985F7D00C606F4 /* FirebaseSignInWithAppleToken.swift in Sources */,
				075717382B985F4A00C606F4 /* InfoAppleIDView.swift in Sources */,
				075717362B985F4A00C606F4 /* CoverView.swift in Sources */,
				075717242B985CC900C606F4 /* ElitDrawTheWordApp.swift in Sources */,
				075717542B98600300C606F4 /* HomeView.swift in Sources */,
				0757173D2B985F4A00C606F4 /* ProfileView.swift in Sources */,
				075717262B985CD400C606F4 /* AppDelegateAdaptor.swift in Sources */,
				0757174A2B985F7D00C606F4 /* FirebaseSignInWithAppleError.swift in Sources */,
				075717372B985F4A00C606F4 /* PrivacyPolicy.swift in Sources */,
				075717482B985F7D00C606F4 /* AlertItem.swift in Sources */,
				0757173A2B985F4A00C606F4 /* ReAuthenticateView.swift in Sources */,
				0757174D2B985F7D00C606F4 /* FirebaseSignInWithAppleResult.swift in Sources */,
				075717392B985F4A00C606F4 /* LeaveMessageView.swift in Sources */,
				0757174B2B985F7D00C606F4 /* FirebaseSignInWithAppleUtils.swift in Sources */,
				075717492B985F7D00C606F4 /* AuthListener.swift in Sources */,
				0757174E2B985F7D00C606F4 /* FirebaseSignInWithAppleService.swift in Sources */,
				0757173B2B985F4A00C606F4 /* LoginView.swift in Sources */,
				075717512B985FB400C606F4 /* AuthViewModel.swift in Sources */,
				075717472B985F7D00C606F4 /* AuthState.swift in Sources */,
				0757173C2B985F4A00C606F4 /* Logotype.swift in Sources */,
			);
			runOnlyForDeploymentPostprocessing = 0;
		};
/* End PBXSourcesBuildPhase section */

/* Begin XCBuildConfiguration section */
		075717072B98547800C606F4 /* Debug */ = {
			isa = XCBuildConfiguration;
			buildSettings = {
				ALWAYS_SEARCH_USER_PATHS = NO;
				ASSETCATALOG_COMPILER_GENERATE_SWIFT_ASSET_SYMBOL_EXTENSIONS = YES;
				CLANG_ANALYZER_NONNULL = YES;
				CLANG_ANALYZER_NUMBER_OBJECT_CONVERSION = YES_AGGRESSIVE;
				CLANG_CXX_LANGUAGE_STANDARD = "gnu++20";
				CLANG_ENABLE_MODULES = YES;
				CLANG_ENABLE_OBJC_ARC = YES;
				CLANG_ENABLE_OBJC_WEAK = YES;
				CLANG_WARN_BLOCK_CAPTURE_AUTORELEASING = YES;
				CLANG_WARN_BOOL_CONVERSION = YES;
				CLANG_WARN_COMMA = YES;
				CLANG_WARN_CONSTANT_CONVERSION = YES;
				CLANG_WARN_DEPRECATED_OBJC_IMPLEMENTATIONS = YES;
				CLANG_WARN_DIRECT_OBJC_ISA_USAGE = YES_ERROR;
				CLANG_WARN_DOCUMENTATION_COMMENTS = YES;
				CLANG_WARN_EMPTY_BODY = YES;
				CLANG_WARN_ENUM_CONVERSION = YES;
				CLANG_WARN_INFINITE_RECURSION = YES;
				CLANG_WARN_INT_CONVERSION = YES;
				CLANG_WARN_NON_LITERAL_NULL_CONVERSION = YES;
				CLANG_WARN_OBJC_IMPLICIT_RETAIN_SELF = YES;
				CLANG_WARN_OBJC_LITERAL_CONVERSION = YES;
				CLANG_WARN_OBJC_ROOT_CLASS = YES_ERROR;
				CLANG_WARN_QUOTED_INCLUDE_IN_FRAMEWORK_HEADER = YES;
				CLANG_WARN_RANGE_LOOP_ANALYSIS = YES;
				CLANG_WARN_STRICT_PROTOTYPES = YES;
				CLANG_WARN_SUSPICIOUS_MOVE = YES;
				CLANG_WARN_UNGUARDED_AVAILABILITY = YES_AGGRESSIVE;
				CLANG_WARN_UNREACHABLE_CODE = YES;
				CLANG_WARN__DUPLICATE_METHOD_MATCH = YES;
				COPY_PHASE_STRIP = NO;
				DEBUG_INFORMATION_FORMAT = dwarf;
				ENABLE_STRICT_OBJC_MSGSEND = YES;
				ENABLE_TESTABILITY = YES;
				ENABLE_USER_SCRIPT_SANDBOXING = YES;
				GCC_C_LANGUAGE_STANDARD = gnu17;
				GCC_DYNAMIC_NO_PIC = NO;
				GCC_NO_COMMON_BLOCKS = YES;
				GCC_OPTIMIZATION_LEVEL = 0;
				GCC_PREPROCESSOR_DEFINITIONS = (
					"DEBUG=1",
					"$(inherited)",
				);
				GCC_WARN_64_TO_32_BIT_CONVERSION = YES;
				GCC_WARN_ABOUT_RETURN_TYPE = YES_ERROR;
				GCC_WARN_UNDECLARED_SELECTOR = YES;
				GCC_WARN_UNINITIALIZED_AUTOS = YES_AGGRESSIVE;
				GCC_WARN_UNUSED_FUNCTION = YES;
				GCC_WARN_UNUSED_VARIABLE = YES;
				IPHONEOS_DEPLOYMENT_TARGET = 17.2;
				LOCALIZATION_PREFERS_STRING_CATALOGS = YES;
				MTL_ENABLE_DEBUG_INFO = INCLUDE_SOURCE;
				MTL_FAST_MATH = YES;
				ONLY_ACTIVE_ARCH = YES;
				SDKROOT = iphoneos;
				SWIFT_ACTIVE_COMPILATION_CONDITIONS = "DEBUG $(inherited)";
				SWIFT_OPTIMIZATION_LEVEL = "-Onone";
			};
			name = Debug;
		};
		075717082B98547800C606F4 /* Release */ = {
			isa = XCBuildConfiguration;
			buildSettings = {
				ALWAYS_SEARCH_USER_PATHS = NO;
				ASSETCATALOG_COMPILER_GENERATE_SWIFT_ASSET_SYMBOL_EXTENSIONS = YES;
				CLANG_ANALYZER_NONNULL = YES;
				CLANG_ANALYZER_NUMBER_OBJECT_CONVERSION = YES_AGGRESSIVE;
				CLANG_CXX_LANGUAGE_STANDARD = "gnu++20";
				CLANG_ENABLE_MODULES = YES;
				CLANG_ENABLE_OBJC_ARC = YES;
				CLANG_ENABLE_OBJC_WEAK = YES;
				CLANG_WARN_BLOCK_CAPTURE_AUTORELEASING = YES;
				CLANG_WARN_BOOL_CONVERSION = YES;
				CLANG_WARN_COMMA = YES;
				CLANG_WARN_CONSTANT_CONVERSION = YES;
				CLANG_WARN_DEPRECATED_OBJC_IMPLEMENTATIONS = YES;
				CLANG_WARN_DIRECT_OBJC_ISA_USAGE = YES_ERROR;
				CLANG_WARN_DOCUMENTATION_COMMENTS = YES;
				CLANG_WARN_EMPTY_BODY = YES;
				CLANG_WARN_ENUM_CONVERSION = YES;
				CLANG_WARN_INFINITE_RECURSION = YES;
				CLANG_WARN_INT_CONVERSION = YES;
				CLANG_WARN_NON_LITERAL_NULL_CONVERSION = YES;
				CLANG_WARN_OBJC_IMPLICIT_RETAIN_SELF = YES;
				CLANG_WARN_OBJC_LITERAL_CONVERSION = YES;
				CLANG_WARN_OBJC_ROOT_CLASS = YES_ERROR;
				CLANG_WARN_QUOTED_INCLUDE_IN_FRAMEWORK_HEADER = YES;
				CLANG_WARN_RANGE_LOOP_ANALYSIS = YES;
				CLANG_WARN_STRICT_PROTOTYPES = YES;
				CLANG_WARN_SUSPICIOUS_MOVE = YES;
				CLANG_WARN_UNGUARDED_AVAILABILITY = YES_AGGRESSIVE;
				CLANG_WARN_UNREACHABLE_CODE = YES;
				CLANG_WARN__DUPLICATE_METHOD_MATCH = YES;
				COPY_PHASE_STRIP = NO;
				DEBUG_INFORMATION_FORMAT = "dwarf-with-dsym";
				ENABLE_NS_ASSERTIONS = NO;
				ENABLE_STRICT_OBJC_MSGSEND = YES;
				ENABLE_USER_SCRIPT_SANDBOXING = YES;
				GCC_C_LANGUAGE_STANDARD = gnu17;
				GCC_NO_COMMON_BLOCKS = YES;
				GCC_WARN_64_TO_32_BIT_CONVERSION = YES;
				GCC_WARN_ABOUT_RETURN_TYPE = YES_ERROR;
				GCC_WARN_UNDECLARED_SELECTOR = YES;
				GCC_WARN_UNINITIALIZED_AUTOS = YES_AGGRESSIVE;
				GCC_WARN_UNUSED_FUNCTION = YES;
				GCC_WARN_UNUSED_VARIABLE = YES;
				IPHONEOS_DEPLOYMENT_TARGET = 17.2;
				LOCALIZATION_PREFERS_STRING_CATALOGS = YES;
				MTL_ENABLE_DEBUG_INFO = NO;
				MTL_FAST_MATH = YES;
				SDKROOT = iphoneos;
				SWIFT_COMPILATION_MODE = wholemodule;
				VALIDATE_PRODUCT = YES;
			};
			name = Release;
		};
		0757170A2B98547800C606F4 /* Debug */ = {
			isa = XCBuildConfiguration;
			buildSettings = {
				ASSETCATALOG_COMPILER_APPICON_NAME = AppIcon;
				ASSETCATALOG_COMPILER_GLOBAL_ACCENT_COLOR_NAME = AccentColor;
				CODE_SIGN_ENTITLEMENTS = AuthSample/AuthSample.entitlements;
				CODE_SIGN_STYLE = Automatic;
				CURRENT_PROJECT_VERSION = 1;
				DEVELOPMENT_ASSET_PATHS = "\"AuthSample/Preview Content\"";
				DEVELOPMENT_TEAM = DVJ8XBFB23;
				ENABLE_PREVIEWS = YES;
				GENERATE_INFOPLIST_FILE = YES;
				INFOPLIST_KEY_CFBundleDisplayName = "Auth Sample";
				INFOPLIST_KEY_UIApplicationSceneManifest_Generation = YES;
				INFOPLIST_KEY_UIApplicationSupportsIndirectInputEvents = YES;
				INFOPLIST_KEY_UILaunchScreen_Generation = YES;
				INFOPLIST_KEY_UISupportedInterfaceOrientations_iPad = "UIInterfaceOrientationPortrait UIInterfaceOrientationPortraitUpsideDown UIInterfaceOrientationLandscapeLeft UIInterfaceOrientationLandscapeRight";
				INFOPLIST_KEY_UISupportedInterfaceOrientations_iPhone = "UIInterfaceOrientationPortrait UIInterfaceOrientationLandscapeLeft UIInterfaceOrientationLandscapeRight";
				LD_RUNPATH_SEARCH_PATHS = (
					"$(inherited)",
					"@executable_path/Frameworks",
				);
				MARKETING_VERSION = 1.0;
				PRODUCT_BUNDLE_IDENTIFIER = com.elitappar.AuthSample;
				PRODUCT_NAME = "$(TARGET_NAME)";
				SWIFT_EMIT_LOC_STRINGS = YES;
				SWIFT_VERSION = 5.0;
				TARGETED_DEVICE_FAMILY = "1,2";
			};
			name = Debug;
		};
		0757170B2B98547800C606F4 /* Release */ = {
			isa = XCBuildConfiguration;
			buildSettings = {
				ASSETCATALOG_COMPILER_APPICON_NAME = AppIcon;
				ASSETCATALOG_COMPILER_GLOBAL_ACCENT_COLOR_NAME = AccentColor;
				CODE_SIGN_ENTITLEMENTS = AuthSample/AuthSample.entitlements;
				CODE_SIGN_STYLE = Automatic;
				CURRENT_PROJECT_VERSION = 1;
				DEVELOPMENT_ASSET_PATHS = "\"AuthSample/Preview Content\"";
				DEVELOPMENT_TEAM = DVJ8XBFB23;
				ENABLE_PREVIEWS = YES;
				GENERATE_INFOPLIST_FILE = YES;
				INFOPLIST_KEY_CFBundleDisplayName = "Auth Sample";
				INFOPLIST_KEY_UIApplicationSceneManifest_Generation = YES;
				INFOPLIST_KEY_UIApplicationSupportsIndirectInputEvents = YES;
				INFOPLIST_KEY_UILaunchScreen_Generation = YES;
				INFOPLIST_KEY_UISupportedInterfaceOrientations_iPad = "UIInterfaceOrientationPortrait UIInterfaceOrientationPortraitUpsideDown UIInterfaceOrientationLandscapeLeft UIInterfaceOrientationLandscapeRight";
				INFOPLIST_KEY_UISupportedInterfaceOrientations_iPhone = "UIInterfaceOrientationPortrait UIInterfaceOrientationLandscapeLeft UIInterfaceOrientationLandscapeRight";
				LD_RUNPATH_SEARCH_PATHS = (
					"$(inherited)",
					"@executable_path/Frameworks",
				);
				MARKETING_VERSION = 1.0;
				PRODUCT_BUNDLE_IDENTIFIER = com.elitappar.AuthSample;
				PRODUCT_NAME = "$(TARGET_NAME)";
				SWIFT_EMIT_LOC_STRINGS = YES;
				SWIFT_VERSION = 5.0;
				TARGETED_DEVICE_FAMILY = "1,2";
			};
			name = Release;
		};
/* End XCBuildConfiguration section */

/* Begin XCConfigurationList section */
		075716F62B98547500C606F4 /* Build configuration list for PBXProject "AuthSample" */ = {
			isa = XCConfigurationList;
			buildConfigurations = (
				075717072B98547800C606F4 /* Debug */,
				075717082B98547800C606F4 /* Release */,
			);
			defaultConfigurationIsVisible = 0;
			defaultConfigurationName = Release;
		};
		075717092B98547800C606F4 /* Build configuration list for PBXNativeTarget "AuthSample" */ = {
			isa = XCConfigurationList;
			buildConfigurations = (
				0757170A2B98547800C606F4 /* Debug */,
				0757170B2B98547800C606F4 /* Release */,
			);
			defaultConfigurationIsVisible = 0;
			defaultConfigurationName = Release;
		};
/* End XCConfigurationList section */

/* Begin XCRemoteSwiftPackageReference section */
		0757170E2B9856F800C606F4 /* XCRemoteSwiftPackageReference "firebase-ios-sdk" */ = {
			isa = XCRemoteSwiftPackageReference;
			repositoryURL = "https://github.com/firebase/firebase-ios-sdk";
			requirement = {
				kind = upToNextMajorVersion;
				minimumVersion = 10.22.0;
			};
		};
/* End XCRemoteSwiftPackageReference section */

/* Begin XCSwiftPackageProductDependency section */
		0757171B2B9856F800C606F4 /* FirebaseAuth */ = {
			isa = XCSwiftPackageProductDependency;
			package = 0757170E2B9856F800C606F4 /* XCRemoteSwiftPackageReference "firebase-ios-sdk" */;
			productName = FirebaseAuth;
		};
/* End XCSwiftPackageProductDependency section */
	};
	rootObject = 075716F32B98547500C606F4 /* Project object */;
}
